{
  "nodes": {
    "flamegraph-src": {
      "flake": false,
      "locked": {
        "lastModified": 1630384695,
        "narHash": "sha256-QuiBmDYDDLCH2caiiXvFL/EVmDm9sk3s16nq9nsV4NE=",
        "owner": "brendangregg",
        "repo": "FlameGraph",
        "rev": "810687f180f3c4929b5d965f54817a5218c9d89b",
        "type": "github"
      },
      "original": {
        "owner": "brendangregg",
        "repo": "FlameGraph",
        "type": "github"
      }
    },
    "mvn2nix": {
      "inputs": {
        "nixpkgs": "nixpkgs_2",
        "utils": "utils"
      },
      "locked": {
        "lastModified": 1629170129,
        "narHash": "sha256-v/HvYqzkPaGin1ujo+Fi59wXC9vWxW3lYVSwElORRi8=",
        "owner": "fzakaria",
        "repo": "mvn2nix",
        "rev": "ea21cfe97069feee55fa307ca9b125616c1fa84f",
        "type": "github"
      },
      "original": {
        "owner": "fzakaria",
        "repo": "mvn2nix",
        "type": "github"
      }
    },
    "nixpkgs": {
      "locked": {
        "lastModified": 1665940183,
        "narHash": "sha256-cPe3F7CtnxU9YbJpc3Adl4d9kX+turqTv5FxM98i8vg=",
        "owner": "nixos",
        "repo": "nixpkgs",
        "rev": "104e8082de1b20f9d0e1f05b1028795ed0e0e4bc",
        "type": "github"
      },
      "original": {
        "owner": "nixos",
        "ref": "nixos-unstable",
        "repo": "nixpkgs",
        "type": "github"
      }
    },
    "nixpkgs_2": {
      "locked": {
        "lastModified": 1625176478,
        "narHash": "sha256-s1RTYNKw7ySyqrZjns9Cq+Nnjpp75ePgL06pgcbIpoA=",
        "owner": "NixOS",
        "repo": "nixpkgs",
        "rev": "21b696caf392ad6fa513caf3327d0aa0430ffb72",
        "type": "github"
      },
      "original": {
        "owner": "NixOS",
        "ref": "nixos-21.05",
        "repo": "nixpkgs",
        "type": "github"
      }
    },
    "rabbitmq-perf-test": {
      "inputs": {
        "mvn2nix": "mvn2nix",
        "nixpkgs": [
          "nixpkgs"
        ],
        "utils": [
          "utils"
        ]
      },
      "locked": {
        "lastModified": 1666384409,
        "narHash": "sha256-SKtUD/BbdZ/S4ysdtChHS7WOVAv9Ql3ixjrwkt7WJhk=",
        "owner": "the-mikedavis",
        "repo": "rabbitmq-perf-test",
        "rev": "6c69e34ad6bc40621d41a00732ee05f157783191",
        "type": "github"
      },
      "original": {
        "owner": "the-mikedavis",
        "ref": "flake",
        "repo": "rabbitmq-perf-test",
        "type": "github"
      }
    },
    "root": {
      "inputs": {
        "flamegraph-src": "flamegraph-src",
        "nixpkgs": "nixpkgs",
        "rabbitmq-perf-test": "rabbitmq-perf-test",
        "utils": "utils_2"
      }
    },
    "utils": {
      "locked": {
        "lastModified": 1623875721,
        "narHash": "sha256-A8BU7bjS5GirpAUv4QA+QnJ4CceLHkcXdRp4xITDB0s=",
        "owner": "numtide",
        "repo": "flake-utils",
        "rev": "f7e004a55b120c02ecb6219596820fcd32ca8772",
        "type": "github"
      },
      "original": {
        "owner": "numtide",
        "repo": "flake-utils",
        "type": "github"
      }
    },
    "utils_2": {
      "locked": {
        "lastModified": 1656928814,
        "narHash": "sha256-RIFfgBuKz6Hp89yRr7+NR5tzIAbn52h8vT6vXkYjZoM=",
        "owner": "numtide",
        "repo": "flake-utils",
        "rev": "7e2a3b3dfd9af950a856d66b0a7d01e3c18aa249",
        "type": "github"
      },
      "original": {
        "owner": "numtide",
        "repo": "flake-utils",
        "type": "github"
      }
    }
  },
  "root": "root",
  "version": 7
}
